
Microsoft Visual Studio Solution File, Format Version 12.00
# Visual Studio 15
VisualStudioVersion = 15.0.27703.2042
MinimumVisualStudioVersion = 10.0.40219.1
Project("{9A19103F-16F7-4668-BE54-9A1E7A4F7556}") = "WebApiWithGraph", "WebApiWithGraph\WebApiWithGraph.csproj", "{14537D2D-CF88-409A-B855-98672243AAD8}"
EndProject
Project("{FAE04EC0-301F-11D3-BF4B-00C04F79EFBC}") = "GraphDispaly", "GraphDispaly\GraphDispaly.csproj", "{CCC073CE-F1A4-46FB-920E-DB16AE4BAB96}"
	ProjectSection(ProjectDependencies) = postProject
		{14537D2D-CF88-409A-B855-98672243AAD8} = {14537D2D-CF88-409A-B855-98672243AAD8}
	EndProjectSection
EndProject
Global
	GlobalSection(SolutionConfigurationPlatforms) = preSolution
		Debug|Any CPU = Debug|Any CPU
		Release|Any CPU = Release|Any CPU
	EndGlobalSection
	GlobalSection(ProjectConfigurationPlatforms) = postSolution
		{14537D2D-CF88-409A-B855-98672243AAD8}.Debug|Any CPU.ActiveCfg = Debug|Any CPU
		{14537D2D-CF88-409A-B855-98672243AAD8}.Debug|Any CPU.Build.0 = Debug|Any CPU
		{14537D2D-CF88-409A-B855-98672243AAD8}.Release|Any CPU.ActiveCfg = Release|Any CPU
		{14537D2D-CF88-409A-B855-98672243AAD8}.Release|Any CPU.Build.0 = Release|Any CPU
		{CCC073CE-F1A4-46FB-920E-DB16AE4BAB96}.Debug|Any CPU.ActiveCfg = Debug|Any CPU
		{CCC073CE-F1A4-46FB-920E-DB16AE4BAB96}.Debug|Any CPU.Build.0 = Debug|Any CPU
		{CCC073CE-F1A4-46FB-920E-DB16AE4BAB96}.Release|Any CPU.ActiveCfg = Release|Any CPU
		{CCC073CE-F1A4-46FB-920E-DB16AE4BAB96}.Release|Any CPU.Build.0 = Release|Any CPU
	EndGlobalSection
	GlobalSection(SolutionProperties) = preSolution
		HideSolutionNode = FALSE
	EndGlobalSection
	GlobalSection(ExtensibilityGlobals) = postSolution
		SolutionGuid = {CFBAAEA8-4293-41B2-8698-17B9619AFC18}
	EndGlobalSection
EndGlobal
